
Microsoft Visual Studio Solution File, Format Version 12.00
# Visual Studio Version 17
VisualStudioVersion = 17.9.34622.214
MinimumVisualStudioVersion = 10.0.40219.1
Project("{9A19103F-16F7-4668-BE54-9A1E7A4F7556}") = "webBeauty1", "webBeauty1\webBeauty1.csproj", "{C8096E07-D5B2-44BC-9EA4-11623623EAE3}"
EndProject
Global
	GlobalSection(SolutionConfigurationPlatforms) = preSolution
		Debug|Any CPU = Debug|Any CPU
		Release|Any CPU = Release|Any CPU
	EndGlobalSection
	GlobalSection(ProjectConfigurationPlatforms) = postSolution
		{C8096E07-D5B2-44BC-9EA4-11623623EAE3}.Debug|Any CPU.ActiveCfg = Debug|Any CPU
		{C8096E07-D5B2-44BC-9EA4-11623623EAE3}.Debug|Any CPU.Build.0 = Debug|Any CPU
		{C8096E07-D5B2-44BC-9EA4-11623623EAE3}.Release|Any CPU.ActiveCfg = Release|Any CPU
		{C8096E07-D5B2-44BC-9EA4-11623623EAE3}.Release|Any CPU.Build.0 = Release|Any CPU
	EndGlobalSection
	GlobalSection(SolutionProperties) = preSolution
		HideSolutionNode = FALSE
	EndGlobalSection
	GlobalSection(ExtensibilityGlobals) = postSolution
		SolutionGuid = {5633D1EB-C413-4B55-A933-73D1BF6C73D5}
	EndGlobalSection
EndGlobal
